Microsoft Visual Studio Solution File, Format Version 12.00
# Visual Studio 15
VisualStudioVersion = 15.0.27130.2010
MinimumVisualStudioVersion = 10.0.40219.1
Project("{FAE04EC0-301F-11D3-BF4B-00C04F79EFBC}") = "Cloud.Azure.Storage.Services.Account.Extensions", "Cloud.Azure.Storage.Services.Account.Extensions\Cloud.Azure.Storage.Services.Account.Extensions.csproj", "{63271D04-6327-1D04-6327-1D0463271D04}"
EndProject
Global
	GlobalSection(SolutionConfigurationPlatforms) = preSolution
		Debug|Any CPU = Debug|Any CPU
		Release|Any CPU = Release|Any CPU
	EndGlobalSection
	GlobalSection(ProjectConfigurationPlatforms) = postSolution
		{63271D04-6327-1D04-6327-1D0463271D04}.Debug|Any CPU.ActiveCfg = Debug|Any CPU
		{63271D04-6327-1D04-6327-1D0463271D04}.Debug|Any CPU.Build.0 = Debug|Any CPU
		{63271D04-6327-1D04-6327-1D0463271D04}.Release|Any CPU.ActiveCfg = Release|Any CPU
		{63271D04-6327-1D04-6327-1D0463271D04}.Release|Any CPU.Build.0 = Release|Any CPU
	EndGlobalSection
	GlobalSection(SolutionProperties) = preSolution
		HideSolutionNode = FALSE
	EndGlobalSection
	GlobalSection(ExtensibilityGlobals) = preSolution
		SolutionGuid = {1441470A-1441-470A-1441-470A1441470A}
	EndGlobalSection
EndGlobal

